
Microsoft Visual Studio Solution File, Format Version 12.00
# Visual Studio Version 17
VisualStudioVersion = 17.0.31903.59
MinimumVisualStudioVersion = 10.0.40219.1
Project("{FAE04EC0-301F-11D3-BF4B-00C04F79EFBC}") = "WeatherAppC#", "WeatherAppC#\WeatherAppC#.csproj", "{87ED0F70-4BBA-4778-AE61-F3C952BBF3B4}"
EndProject
Project("{FAE04EC0-301F-11D3-BF4B-00C04F79EFBC}") = "WeatherAppCsharp", "WeatherAppCsharp\WeatherAppCsharp.csproj", "{4225E0B5-1FA0-4397-8276-B74CCEC8FB33}"
EndProject
Project("{FAE04EC0-301F-11D3-BF4B-00C04F79EFBC}") = "WeatherApp2", "WeatherApp2\WeatherApp2.csproj", "{02125298-0F6D-48D3-8FF7-121CAFB630CA}"
EndProject
Global
	GlobalSection(SolutionConfigurationPlatforms) = preSolution
		Debug|Any CPU = Debug|Any CPU
		Release|Any CPU = Release|Any CPU
	EndGlobalSection
	GlobalSection(SolutionProperties) = preSolution
		HideSolutionNode = FALSE
	EndGlobalSection
	GlobalSection(ProjectConfigurationPlatforms) = postSolution
		{87ED0F70-4BBA-4778-AE61-F3C952BBF3B4}.Debug|Any CPU.ActiveCfg = Debug|Any CPU
		{87ED0F70-4BBA-4778-AE61-F3C952BBF3B4}.Debug|Any CPU.Build.0 = Debug|Any CPU
		{87ED0F70-4BBA-4778-AE61-F3C952BBF3B4}.Release|Any CPU.ActiveCfg = Release|Any CPU
		{87ED0F70-4BBA-4778-AE61-F3C952BBF3B4}.Release|Any CPU.Build.0 = Release|Any CPU
		{4225E0B5-1FA0-4397-8276-B74CCEC8FB33}.Debug|Any CPU.ActiveCfg = Debug|Any CPU
		{4225E0B5-1FA0-4397-8276-B74CCEC8FB33}.Debug|Any CPU.Build.0 = Debug|Any CPU
		{4225E0B5-1FA0-4397-8276-B74CCEC8FB33}.Release|Any CPU.ActiveCfg = Release|Any CPU
		{4225E0B5-1FA0-4397-8276-B74CCEC8FB33}.Release|Any CPU.Build.0 = Release|Any CPU
		{02125298-0F6D-48D3-8FF7-121CAFB630CA}.Debug|Any CPU.ActiveCfg = Debug|Any CPU
		{02125298-0F6D-48D3-8FF7-121CAFB630CA}.Debug|Any CPU.Build.0 = Debug|Any CPU
		{02125298-0F6D-48D3-8FF7-121CAFB630CA}.Release|Any CPU.ActiveCfg = Release|Any CPU
		{02125298-0F6D-48D3-8FF7-121CAFB630CA}.Release|Any CPU.Build.0 = Release|Any CPU
	EndGlobalSection
EndGlobal
